
Microsoft Visual Studio Solution File, Format Version 12.00
# Visual Studio 15
VisualStudioVersion = 15.0.27130.2024
MinimumVisualStudioVersion = 10.0.40219.1
Project("{FAE04EC0-301F-11D3-BF4B-00C04F79EFBC}") = "NetStand.Android", "NetStand\NetStand.Android\NetStand.Android.csproj", "{0C684A7F-87FF-47FF-A22B-68C379EF4886}"
EndProject
Project("{FAE04EC0-301F-11D3-BF4B-00C04F79EFBC}") = "NetStand.iOS", "NetStand\NetStand.iOS\NetStand.iOS.csproj", "{A9F447DB-14F0-4F1D-82E3-25A8B7FF319C}"
EndProject
Project("{FAE04EC0-301F-11D3-BF4B-00C04F79EFBC}") = "NetStand.UWP", "NetStand\NetStand.UWP\NetStand.UWP.csproj", "{ABFD38CC-5232-456E-AD58-CD36646AC4CB}"
EndProject
Project("{FAE04EC0-301F-11D3-BF4B-00C04F79EFBC}") = "NetStand", "NetStand\NetStand\NetStand.csproj", "{D4F5B036-6D03-4A5F-9868-40C0FD6EBE88}"
EndProject
Global
	GlobalSection(SolutionConfigurationPlatforms) = preSolution
		Ad-Hoc|Any CPU = Ad-Hoc|Any CPU
		Ad-Hoc|ARM = Ad-Hoc|ARM
		Ad-Hoc|iPhone = Ad-Hoc|iPhone
		Ad-Hoc|iPhoneSimulator = Ad-Hoc|iPhoneSimulator
		Ad-Hoc|x64 = Ad-Hoc|x64
		Ad-Hoc|x86 = Ad-Hoc|x86
		AppStore|Any CPU = AppStore|Any CPU
		AppStore|ARM = AppStore|ARM
		AppStore|iPhone = AppStore|iPhone
		AppStore|iPhoneSimulator = AppStore|iPhoneSimulator
		AppStore|x64 = AppStore|x64
		AppStore|x86 = AppStore|x86
		Debug|Any CPU = Debug|Any CPU
		Debug|ARM = Debug|ARM
		Debug|iPhone = Debug|iPhone
		Debug|iPhoneSimulator = Debug|iPhoneSimulator
		Debug|x64 = Debug|x64
		Debug|x86 = Debug|x86
		Release|Any CPU = Release|Any CPU
		Release|ARM = Release|ARM
		Release|iPhone = Release|iPhone
		Release|iPhoneSimulator = Release|iPhoneSimulator
		Release|x64 = Release|x64
		Release|x86 = Release|x86
	EndGlobalSection
	GlobalSection(ProjectConfigurationPlatforms) = postSolution
		{0C684A7F-87FF-47FF-A22B-68C379EF4886}.Ad-Hoc|Any CPU.ActiveCfg = Release|Any CPU
		{0C684A7F-87FF-47FF-A22B-68C379EF4886}.Ad-Hoc|Any CPU.Build.0 = Release|Any CPU
		{0C684A7F-87FF-47FF-A22B-68C379EF4886}.Ad-Hoc|Any CPU.Deploy.0 = Release|Any CPU
		{0C684A7F-87FF-47FF-A22B-68C379EF4886}.Ad-Hoc|ARM.ActiveCfg = Release|Any CPU
		{0C684A7F-87FF-47FF-A22B-68C379EF4886}.Ad-Hoc|ARM.Build.0 = Release|Any CPU
		{0C684A7F-87FF-47FF-A22B-68C379EF4886}.Ad-Hoc|ARM.Deploy.0 = Release|Any CPU
		{0C684A7F-87FF-47FF-A22B-68C379EF4886}.Ad-Hoc|iPhone.ActiveCfg = Release|Any CPU
		{0C684A7F-87FF-47FF-A22B-68C379EF4886}.Ad-Hoc|iPhone.Build.0 = Release|Any CPU
		{0C684A7F-87FF-47FF-A22B-68C379EF4886}.Ad-Hoc|iPhone.Deploy.0 = Release|Any CPU
		{0C684A7F-87FF-47FF-A22B-68C379EF4886}.Ad-Hoc|iPhoneSimulator.ActiveCfg = Release|Any CPU
		{0C684A7F-87FF-47FF-A22B-68C379EF4886}.Ad-Hoc|iPhoneSimulator.Build.0 = Release|Any CPU
		{0C684A7F-87FF-47FF-A22B-68C379EF4886}.Ad-Hoc|iPhoneSimulator.Deploy.0 = Release|Any CPU
		{0C684A7F-87FF-47FF-A22B-68C379EF4886}.Ad-Hoc|x64.ActiveCfg = Release|Any CPU
		{0C684A7F-87FF-47FF-A22B-68C379EF4886}.Ad-Hoc|x64.Build.0 = Release|Any CPU
		{0C684A7F-87FF-47FF-A22B-68C379EF4886}.Ad-Hoc|x64.Deploy.0 = Release|Any CPU
		{0C684A7F-87FF-47FF-A22B-68C379EF4886}.Ad-Hoc|x86.ActiveCfg = Release|Any CPU
		{0C684A7F-87FF-47FF-A22B-68C379EF4886}.Ad-Hoc|x86.Build.0 = Release|Any CPU
		{0C684A7F-87FF-47FF-A22B-68C379EF4886}.Ad-Hoc|x86.Deploy.0 = Release|Any CPU
		{0C684A7F-87FF-47FF-A22B-68C379EF4886}.AppStore|Any CPU.ActiveCfg = Release|Any CPU
		{0C684A7F-87FF-47FF-A22B-68C379EF4886}.AppStore|Any CPU.Build.0 = Release|Any CPU
		{0C684A7F-87FF-47FF-A22B-68C379EF4886}.AppStore|Any CPU.Deploy.0 = Release|Any CPU
		{0C684A7F-87FF-47FF-A22B-68C379EF4886}.AppStore|ARM.ActiveCfg = Release|Any CPU
		{0C684A7F-87FF-47FF-A22B-68C379EF4886}.AppStore|ARM.Build.0 = Release|Any CPU
		{0C684A7F-87FF-47FF-A22B-68C379EF4886}.AppStore|ARM.Deploy.0 = Release|Any CPU
		{0C684A7F-87FF-47FF-A22B-68C379EF4886}.AppStore|iPhone.ActiveCfg = Release|Any CPU
		{0C684A7F-87FF-47FF-A22B-68C379EF4886}.AppStore|iPhone.Build.0 = Release|Any CPU
		{0C684A7F-87FF-47FF-A22B-68C379EF4886}.AppStore|iPhone.Deploy.0 = Release|Any CPU
		{0C684A7F-87FF-47FF-A22B-68C379EF4886}.AppStore|iPhoneSimulator.ActiveCfg = Release|Any CPU
		{0C684A7F-87FF-47FF-A22B-68C379EF4886}.AppStore|iPhoneSimulator.Build.0 = Release|Any CPU
		{0C684A7F-87FF-47FF-A22B-68C379EF4886}.AppStore|iPhoneSimulator.Deploy.0 = Release|Any CPU
		{0C684A7F-87FF-47FF-A22B-68C379EF4886}.AppStore|x64.ActiveCfg = Release|Any CPU
		{0C684A7F-87FF-47FF-A22B-68C379EF4886}.AppStore|x64.Build.0 = Release|Any CPU
		{0C684A7F-87FF-47FF-A22B-68C379EF4886}.AppStore|x64.Deploy.0 = Release|Any CPU
		{0C684A7F-87FF-47FF-A22B-68C379EF4886}.AppStore|x86.ActiveCfg = Release|Any CPU
		{0C684A7F-87FF-47FF-A22B-68C379EF4886}.AppStore|x86.Build.0 = Release|Any CPU
		{0C684A7F-87FF-47FF-A22B-68C379EF4886}.AppStore|x86.Deploy.0 = Release|Any CPU
		{0C684A7F-87FF-47FF-A22B-68C379EF4886}.Debug|Any CPU.ActiveCfg = Debug|Any CPU
		{0C684A7F-87FF-47FF-A22B-68C379EF4886}.Debug|Any CPU.Build.0 = Debug|Any CPU
		{0C684A7F-87FF-47FF-A22B-68C379EF4886}.Debug|Any CPU.Deploy.0 = Debug|Any CPU
		{0C684A7F-87FF-47FF-A22B-68C379EF4886}.Debug|ARM.ActiveCfg = Debug|Any CPU
		{0C684A7F-87FF-47FF-A22B-68C379EF4886}.Debug|ARM.Build.0 = Debug|Any CPU
		{0C684A7F-87FF-47FF-A22B-68C379EF4886}.Debug|ARM.Deploy.0 = Debug|Any CPU
		{0C684A7F-87FF-47FF-A22B-68C379EF4886}.Debug|iPhone.ActiveCfg = Debug|Any CPU
		{0C684A7F-87FF-47FF-A22B-68C379EF4886}.Debug|iPhone.Build.0 = Debug|Any CPU
		{0C684A7F-87FF-47FF-A22B-68C379EF4886}.Debug|iPhone.Deploy.0 = Debug|Any CPU
		{0C684A7F-87FF-47FF-A22B-68C379EF4886}.Debug|iPhoneSimulator.ActiveCfg = Debug|Any CPU
		{0C684A7F-87FF-47FF-A22B-68C379EF4886}.Debug|iPhoneSimulator.Build.0 = Debug|Any CPU
		{0C684A7F-87FF-47FF-A22B-68C379EF4886}.Debug|iPhoneSimulator.Deploy.0 = Debug|Any CPU
		{0C684A7F-87FF-47FF-A22B-68C379EF4886}.Debug|x64.ActiveCfg = Debug|Any CPU
		{0C684A7F-87FF-47FF-A22B-68C379EF4886}.Debug|x64.Build.0 = Debug|Any CPU
		{0C684A7F-87FF-47FF-A22B-68C379EF4886}.Debug|x64.Deploy.0 = Debug|Any CPU
		{0C684A7F-87FF-47FF-A22B-68C379EF4886}.Debug|x86.ActiveCfg = Debug|Any CPU
		{0C684A7F-87FF-47FF-A22B-68C379EF4886}.Debug|x86.Build.0 = Debug|Any CPU
		{0C684A7F-87FF-47FF-A22B-68C379EF4886}.Debug|x86.Deploy.0 = Debug|Any CPU
		{0C684A7F-87FF-47FF-A22B-68C379EF4886}.Release|Any CPU.ActiveCfg = Release|Any CPU
		{0C684A7F-87FF-47FF-A22B-68C379EF4886}.Release|Any CPU.Build.0 = Release|Any CPU
		{0C684A7F-87FF-47FF-A22B-68C379EF4886}.Release|Any CPU.Deploy.0 = Release|Any CPU
		{0C684A7F-87FF-47FF-A22B-68C379EF4886}.Release|ARM.ActiveCfg = Release|Any CPU
		{0C684A7F-87FF-47FF-A22B-68C379EF4886}.Release|ARM.Build.0 = Release|Any CPU
		{0C684A7F-87FF-47FF-A22B-68C379EF4886}.Release|ARM.Deploy.0 = Release|Any CPU
		{0C684A7F-87FF-47FF-A22B-68C379EF4886}.Release|iPhone.ActiveCfg = Release|Any CPU
		{0C684A7F-87FF-47FF-A22B-68C379EF4886}.Release|iPhone.Build.0 = Release|Any CPU
		{0C684A7F-87FF-47FF-A22B-68C379EF4886}.Release|iPhone.Deploy.0 = Release|Any CPU
		{0C684A7F-87FF-47FF-A22B-68C379EF4886}.Release|iPhoneSimulator.ActiveCfg = Release|Any CPU
		{0C684A7F-87FF-47FF-A22B-68C379EF4886}.Release|iPhoneSimulator.Build.0 = Release|Any CPU
		{0C684A7F-87FF-47FF-A22B-68C379EF4886}.Release|iPhoneSimulator.Deploy.0 = Release|Any CPU
		{0C684A7F-87FF-47FF-A22B-68C379EF4886}.Release|x64.ActiveCfg = Release|Any CPU
		{0C684A7F-87FF-47FF-A22B-68C379EF4886}.Release|x64.Build.0 = Release|Any CPU
		{0C684A7F-87FF-47FF-A22B-68C379EF4886}.Release|x64.Deploy.0 = Release|Any CPU
		{0C684A7F-87FF-47FF-A22B-68C379EF4886}.Release|x86.ActiveCfg = Release|Any CPU
		{0C684A7F-87FF-47FF-A22B-68C379EF4886}.Release|x86.Build.0 = Release|Any CPU
		{0C684A7F-87FF-47FF-A22B-68C379EF4886}.Release|x86.Deploy.0 = Release|Any CPU
		{A9F447DB-14F0-4F1D-82E3-25A8B7FF319C}.Ad-Hoc|Any CPU.ActiveCfg = Ad-Hoc|iPhone
		{A9F447DB-14F0-4F1D-82E3-25A8B7FF319C}.Ad-Hoc|ARM.ActiveCfg = Ad-Hoc|iPhone
		{A9F447DB-14F0-4F1D-82E3-25A8B7FF319C}.Ad-Hoc|iPhone.ActiveCfg = Ad-Hoc|iPhone
		{A9F447DB-14F0-4F1D-82E3-25A8B7FF319C}.Ad-Hoc|iPhone.Build.0 = Ad-Hoc|iPhone
		{A9F447DB-14F0-4F1D-82E3-25A8B7FF319C}.Ad-Hoc|iPhoneSimulator.ActiveCfg = Ad-Hoc|iPhoneSimulator
		{A9F447DB-14F0-4F1D-82E3-25A8B7FF319C}.Ad-Hoc|iPhoneSimulator.Build.0 = Ad-Hoc|iPhoneSimulator
		{A9F447DB-14F0-4F1D-82E3-25A8B7FF319C}.Ad-Hoc|x64.ActiveCfg = Ad-Hoc|iPhone
		{A9F447DB-14F0-4F1D-82E3-25A8B7FF319C}.Ad-Hoc|x86.ActiveCfg = Ad-Hoc|iPhone
		{A9F447DB-14F0-4F1D-82E3-25A8B7FF319C}.AppStore|Any CPU.ActiveCfg = AppStore|iPhone
		{A9F447DB-14F0-4F1D-82E3-25A8B7FF319C}.AppStore|ARM.ActiveCfg = AppStore|iPhone
		{A9F447DB-14F0-4F1D-82E3-25A8B7FF319C}.AppStore|iPhone.ActiveCfg = AppStore|iPhone
		{A9F447DB-14F0-4F1D-82E3-25A8B7FF319C}.AppStore|iPhone.Build.0 = AppStore|iPhone
		{A9F447DB-14F0-4F1D-82E3-25A8B7FF319C}.AppStore|iPhoneSimulator.ActiveCfg = AppStore|iPhoneSimulator
		{A9F447DB-14F0-4F1D-82E3-25A8B7FF319C}.AppStore|iPhoneSimulator.Build.0 = AppStore|iPhoneSimulator
		{A9F447DB-14F0-4F1D-82E3-25A8B7FF319C}.AppStore|x64.ActiveCfg = AppStore|iPhone
		{A9F447DB-14F0-4F1D-82E3-25A8B7FF319C}.AppStore|x86.ActiveCfg = AppStore|iPhone
		{A9F447DB-14F0-4F1D-82E3-25A8B7FF319C}.Debug|Any CPU.ActiveCfg = Debug|iPhone
		{A9F447DB-14F0-4F1D-82E3-25A8B7FF319C}.Debug|ARM.ActiveCfg = Debug|iPhone
		{A9F447DB-14F0-4F1D-82E3-25A8B7FF319C}.Debug|iPhone.ActiveCfg = Debug|iPhone
		{A9F447DB-14F0-4F1D-82E3-25A8B7FF319C}.Debug|iPhone.Build.0 = Debug|iPhone
		{A9F447DB-14F0-4F1D-82E3-25A8B7FF319C}.Debug|iPhoneSimulator.ActiveCfg = Debug|iPhoneSimulator
		{A9F447DB-14F0-4F1D-82E3-25A8B7FF319C}.Debug|iPhoneSimulator.Build.0 = Debug|iPhoneSimulator
		{A9F447DB-14F0-4F1D-82E3-25A8B7FF319C}.Debug|x64.ActiveCfg = Debug|iPhone
		{A9F447DB-14F0-4F1D-82E3-25A8B7FF319C}.Debug|x86.ActiveCfg = Debug|iPhone
		{A9F447DB-14F0-4F1D-82E3-25A8B7FF319C}.Release|Any CPU.ActiveCfg = Release|iPhone
		{A9F447DB-14F0-4F1D-82E3-25A8B7FF319C}.Release|ARM.ActiveCfg = Release|iPhone
		{A9F447DB-14F0-4F1D-82E3-25A8B7FF319C}.Release|iPhone.ActiveCfg = Release|iPhone
		{A9F447DB-14F0-4F1D-82E3-25A8B7FF319C}.Release|iPhone.Build.0 = Release|iPhone
		{A9F447DB-14F0-4F1D-82E3-25A8B7FF319C}.Release|iPhoneSimulator.ActiveCfg = Release|iPhoneSimulator
		{A9F447DB-14F0-4F1D-82E3-25A8B7FF319C}.Release|iPhoneSimulator.Build.0 = Release|iPhoneSimulator
		{A9F447DB-14F0-4F1D-82E3-25A8B7FF319C}.Release|x64.ActiveCfg = Release|iPhone
		{A9F447DB-14F0-4F1D-82E3-25A8B7FF319C}.Release|x86.ActiveCfg = Release|iPhone
		{ABFD38CC-5232-456E-AD58-CD36646AC4CB}.Ad-Hoc|Any CPU.ActiveCfg = Release|x86
		{ABFD38CC-5232-456E-AD58-CD36646AC4CB}.Ad-Hoc|Any CPU.Build.0 = Release|x86
		{ABFD38CC-5232-456E-AD58-CD36646AC4CB}.Ad-Hoc|Any CPU.Deploy.0 = Release|x86
		{ABFD38CC-5232-456E-AD58-CD36646AC4CB}.Ad-Hoc|ARM.ActiveCfg = Release|ARM
		{ABFD38CC-5232-456E-AD58-CD36646AC4CB}.Ad-Hoc|ARM.Build.0 = Release|ARM
		{ABFD38CC-5232-456E-AD58-CD36646AC4CB}.Ad-Hoc|ARM.Deploy.0 = Release|ARM
		{ABFD38CC-5232-456E-AD58-CD36646AC4CB}.Ad-Hoc|iPhone.ActiveCfg = Release|x86
		{ABFD38CC-5232-456E-AD58-CD36646AC4CB}.Ad-Hoc|iPhone.Build.0 = Release|x86
		{ABFD38CC-5232-456E-AD58-CD36646AC4CB}.Ad-Hoc|iPhone.Deploy.0 = Release|x86
		{ABFD38CC-5232-456E-AD58-CD36646AC4CB}.Ad-Hoc|iPhoneSimulator.ActiveCfg = Release|x86
		{ABFD38CC-5232-456E-AD58-CD36646AC4CB}.Ad-Hoc|iPhoneSimulator.Build.0 = Release|x86
		{ABFD38CC-5232-456E-AD58-CD36646AC4CB}.Ad-Hoc|iPhoneSimulator.Deploy.0 = Release|x86
		{ABFD38CC-5232-456E-AD58-CD36646AC4CB}.Ad-Hoc|x64.ActiveCfg = Release|x64
		{ABFD38CC-5232-456E-AD58-CD36646AC4CB}.Ad-Hoc|x64.Build.0 = Release|x64
		{ABFD38CC-5232-456E-AD58-CD36646AC4CB}.Ad-Hoc|x64.Deploy.0 = Release|x64
		{ABFD38CC-5232-456E-AD58-CD36646AC4CB}.Ad-Hoc|x86.ActiveCfg = Release|x86
		{ABFD38CC-5232-456E-AD58-CD36646AC4CB}.Ad-Hoc|x86.Build.0 = Release|x86
		{ABFD38CC-5232-456E-AD58-CD36646AC4CB}.Ad-Hoc|x86.Deploy.0 = Release|x86
		{ABFD38CC-5232-456E-AD58-CD36646AC4CB}.AppStore|Any CPU.ActiveCfg = Release|x86
		{ABFD38CC-5232-456E-AD58-CD36646AC4CB}.AppStore|Any CPU.Build.0 = Release|x86
		{ABFD38CC-5232-456E-AD58-CD36646AC4CB}.AppStore|Any CPU.Deploy.0 = Release|x86
		{ABFD38CC-5232-456E-AD58-CD36646AC4CB}.AppStore|ARM.ActiveCfg = Release|ARM
		{ABFD38CC-5232-456E-AD58-CD36646AC4CB}.AppStore|ARM.Build.0 = Release|ARM
		{ABFD38CC-5232-456E-AD58-CD36646AC4CB}.AppStore|ARM.Deploy.0 = Release|ARM
		{ABFD38CC-5232-456E-AD58-CD36646AC4CB}.AppStore|iPhone.ActiveCfg = Release|x86
		{ABFD38CC-5232-456E-AD58-CD36646AC4CB}.AppStore|iPhone.Build.0 = Release|x86
		{ABFD38CC-5232-456E-AD58-CD36646AC4CB}.AppStore|iPhone.Deploy.0 = Release|x86
		{ABFD38CC-5232-456E-AD58-CD36646AC4CB}.AppStore|iPhoneSimulator.ActiveCfg = Release|x86
		{ABFD38CC-5232-456E-AD58-CD36646AC4CB}.AppStore|iPhoneSimulator.Build.0 = Release|x86
		{ABFD38CC-5232-456E-AD58-CD36646AC4CB}.AppStore|iPhoneSimulator.Deploy.0 = Release|x86
		{ABFD38CC-5232-456E-AD58-CD36646AC4CB}.AppStore|x64.ActiveCfg = Release|x64
		{ABFD38CC-5232-456E-AD58-CD36646AC4CB}.AppStore|x64.Build.0 = Release|x64
		{ABFD38CC-5232-456E-AD58-CD36646AC4CB}.AppStore|x64.Deploy.0 = Release|x64
		{ABFD38CC-5232-456E-AD58-CD36646AC4CB}.AppStore|x86.ActiveCfg = Release|x86
		{ABFD38CC-5232-456E-AD58-CD36646AC4CB}.AppStore|x86.Build.0 = Release|x86
		{ABFD38CC-5232-456E-AD58-CD36646AC4CB}.AppStore|x86.Deploy.0 = Release|x86
		{ABFD38CC-5232-456E-AD58-CD36646AC4CB}.Debug|Any CPU.ActiveCfg = Debug|x86
		{ABFD38CC-5232-456E-AD58-CD36646AC4CB}.Debug|ARM.ActiveCfg = Debug|ARM
		{ABFD38CC-5232-456E-AD58-CD36646AC4CB}.Debug|ARM.Build.0 = Debug|ARM
		{ABFD38CC-5232-456E-AD58-CD36646AC4CB}.Debug|ARM.Deploy.0 = Debug|ARM
		{ABFD38CC-5232-456E-AD58-CD36646AC4CB}.Debug|iPhone.ActiveCfg = Debug|x86
		{ABFD38CC-5232-456E-AD58-CD36646AC4CB}.Debug|iPhoneSimulator.ActiveCfg = Debug|x86
		{ABFD38CC-5232-456E-AD58-CD36646AC4CB}.Debug|x64.ActiveCfg = Debug|x64
		{ABFD38CC-5232-456E-AD58-CD36646AC4CB}.Debug|x64.Build.0 = Debug|x64
		{ABFD38CC-5232-456E-AD58-CD36646AC4CB}.Debug|x64.Deploy.0 = Debug|x64
		{ABFD38CC-5232-456E-AD58-CD36646AC4CB}.Debug|x86.ActiveCfg = Debug|x86
		{ABFD38CC-5232-456E-AD58-CD36646AC4CB}.Debug|x86.Build.0 = Debug|x86
		{ABFD38CC-5232-456E-AD58-CD36646AC4CB}.Debug|x86.Deploy.0 = Debug|x86
		{ABFD38CC-5232-456E-AD58-CD36646AC4CB}.Release|Any CPU.ActiveCfg = Release|x86
		{ABFD38CC-5232-456E-AD58-CD36646AC4CB}.Release|ARM.ActiveCfg = Release|ARM
		{ABFD38CC-5232-456E-AD58-CD36646AC4CB}.Release|ARM.Build.0 = Release|ARM
		{ABFD38CC-5232-456E-AD58-CD36646AC4CB}.Release|ARM.Deploy.0 = Release|ARM
		{ABFD38CC-5232-456E-AD58-CD36646AC4CB}.Release|iPhone.ActiveCfg = Release|x86
		{ABFD38CC-5232-456E-AD58-CD36646AC4CB}.Release|iPhoneSimulator.ActiveCfg = Release|x86
		{ABFD38CC-5232-456E-AD58-CD36646AC4CB}.Release|x64.ActiveCfg = Release|x64
		{ABFD38CC-5232-456E-AD58-CD36646AC4CB}.Release|x64.Build.0 = Release|x64
		{ABFD38CC-5232-456E-AD58-CD36646AC4CB}.Release|x64.Deploy.0 = Release|x64
		{ABFD38CC-5232-456E-AD58-CD36646AC4CB}.Release|x86.ActiveCfg = Release|x86
		{ABFD38CC-5232-456E-AD58-CD36646AC4CB}.Release|x86.Build.0 = Release|x86
		{ABFD38CC-5232-456E-AD58-CD36646AC4CB}.Release|x86.Deploy.0 = Release|x86
		{D4F5B036-6D03-4A5F-9868-40C0FD6EBE88}.Ad-Hoc|Any CPU.ActiveCfg = Debug|Any CPU
		{D4F5B036-6D03-4A5F-9868-40C0FD6EBE88}.Ad-Hoc|Any CPU.Build.0 = Debug|Any CPU
		{D4F5B036-6D03-4A5F-9868-40C0FD6EBE88}.Ad-Hoc|ARM.ActiveCfg = Debug|Any CPU
		{D4F5B036-6D03-4A5F-9868-40C0FD6EBE88}.Ad-Hoc|ARM.Build.0 = Debug|Any CPU
		{D4F5B036-6D03-4A5F-9868-40C0FD6EBE88}.Ad-Hoc|iPhone.ActiveCfg = Debug|Any CPU
		{D4F5B036-6D03-4A5F-9868-40C0FD6EBE88}.Ad-Hoc|iPhone.Build.0 = Debug|Any CPU
		{D4F5B036-6D03-4A5F-9868-40C0FD6EBE88}.Ad-Hoc|iPhoneSimulator.ActiveCfg = Debug|Any CPU
		{D4F5B036-6D03-4A5F-9868-40C0FD6EBE88}.Ad-Hoc|iPhoneSimulator.Build.0 = Debug|Any CPU
		{D4F5B036-6D03-4A5F-9868-40C0FD6EBE88}.Ad-Hoc|x64.ActiveCfg = Debug|Any CPU
		{D4F5B036-6D03-4A5F-9868-40C0FD6EBE88}.Ad-Hoc|x64.Build.0 = Debug|Any CPU
		{D4F5B036-6D03-4A5F-9868-40C0FD6EBE88}.Ad-Hoc|x86.ActiveCfg = Debug|Any CPU
		{D4F5B036-6D03-4A5F-9868-40C0FD6EBE88}.Ad-Hoc|x86.Build.0 = Debug|Any CPU
		{D4F5B036-6D03-4A5F-9868-40C0FD6EBE88}.AppStore|Any CPU.ActiveCfg = Debug|Any CPU
		{D4F5B036-6D03-4A5F-9868-40C0FD6EBE88}.AppStore|Any CPU.Build.0 = Debug|Any CPU
		{D4F5B036-6D03-4A5F-9868-40C0FD6EBE88}.AppStore|ARM.ActiveCfg = Debug|Any CPU
		{D4F5B036-6D03-4A5F-9868-40C0FD6EBE88}.AppStore|ARM.Build.0 = Debug|Any CPU
		{D4F5B036-6D03-4A5F-9868-40C0FD6EBE88}.AppStore|iPhone.ActiveCfg = Debug|Any CPU
		{D4F5B036-6D03-4A5F-9868-40C0FD6EBE88}.AppStore|iPhone.Build.0 = Debug|Any CPU
		{D4F5B036-6D03-4A5F-9868-40C0FD6EBE88}.AppStore|iPhoneSimulator.ActiveCfg = Debug|Any CPU
		{D4F5B036-6D03-4A5F-9868-40C0FD6EBE88}.AppStore|iPhoneSimulator.Build.0 = Debug|Any CPU
		{D4F5B036-6D03-4A5F-9868-40C0FD6EBE88}.AppStore|x64.ActiveCfg = Debug|Any CPU
		{D4F5B036-6D03-4A5F-9868-40C0FD6EBE88}.AppStore|x64.Build.0 = Debug|Any CPU
		{D4F5B036-6D03-4A5F-9868-40C0FD6EBE88}.AppStore|x86.ActiveCfg = Debug|Any CPU
		{D4F5B036-6D03-4A5F-9868-40C0FD6EBE88}.AppStore|x86.Build.0 = Debug|Any CPU
		{D4F5B036-6D03-4A5F-9868-40C0FD6EBE88}.Debug|Any CPU.ActiveCfg = Debug|Any CPU
		{D4F5B036-6D03-4A5F-9868-40C0FD6EBE88}.Debug|Any CPU.Build.0 = Debug|Any CPU
		{D4F5B036-6D03-4A5F-9868-40C0FD6EBE88}.Debug|ARM.ActiveCfg = Debug|Any CPU
		{D4F5B036-6D03-4A5F-9868-40C0FD6EBE88}.Debug|ARM.Build.0 = Debug|Any CPU
		{D4F5B036-6D03-4A5F-9868-40C0FD6EBE88}.Debug|iPhone.ActiveCfg = Debug|Any CPU
		{D4F5B036-6D03-4A5F-9868-40C0FD6EBE88}.Debug|iPhone.Build.0 = Debug|Any CPU
		{D4F5B036-6D03-4A5F-9868-40C0FD6EBE88}.Debug|iPhoneSimulator.ActiveCfg = Debug|Any CPU
		{D4F5B036-6D03-4A5F-9868-40C0FD6EBE88}.Debug|iPhoneSimulator.Build.0 = Debug|Any CPU
		{D4F5B036-6D03-4A5F-9868-40C0FD6EBE88}.Debug|x64.ActiveCfg = Debug|Any CPU
		{D4F5B036-6D03-4A5F-9868-40C0FD6EBE88}.Debug|x64.Build.0 = Debug|Any CPU
		{D4F5B036-6D03-4A5F-9868-40C0FD6EBE88}.Debug|x86.ActiveCfg = Debug|Any CPU
		{D4F5B036-6D03-4A5F-9868-40C0FD6EBE88}.Debug|x86.Build.0 = Debug|Any CPU
		{D4F5B036-6D03-4A5F-9868-40C0FD6EBE88}.Release|Any CPU.ActiveCfg = Release|Any CPU
		{D4F5B036-6D03-4A5F-9868-40C0FD6EBE88}.Release|Any CPU.Build.0 = Release|Any CPU
		{D4F5B036-6D03-4A5F-9868-40C0FD6EBE88}.Release|ARM.ActiveCfg = Release|Any CPU
		{D4F5B036-6D03-4A5F-9868-40C0FD6EBE88}.Release|ARM.Build.0 = Release|Any CPU
		{D4F5B036-6D03-4A5F-9868-40C0FD6EBE88}.Release|iPhone.ActiveCfg = Release|Any CPU
		{D4F5B036-6D03-4A5F-9868-40C0FD6EBE88}.Release|iPhone.Build.0 = Release|Any CPU
		{D4F5B036-6D03-4A5F-9868-40C0FD6EBE88}.Release|iPhoneSimulator.ActiveCfg = Release|Any CPU
		{D4F5B036-6D03-4A5F-9868-40C0FD6EBE88}.Release|iPhoneSimulator.Build.0 = Release|Any CPU
		{D4F5B036-6D03-4A5F-9868-40C0FD6EBE88}.Release|x64.ActiveCfg = Release|Any CPU
		{D4F5B036-6D03-4A5F-9868-40C0FD6EBE88}.Release|x64.Build.0 = Release|Any CPU
		{D4F5B036-6D03-4A5F-9868-40C0FD6EBE88}.Release|x86.ActiveCfg = Release|Any CPU
		{D4F5B036-6D03-4A5F-9868-40C0FD6EBE88}.Release|x86.Build.0 = Release|Any CPU
	EndGlobalSection
	GlobalSection(SolutionProperties) = preSolution
		HideSolutionNode = FALSE
	EndGlobalSection
	GlobalSection(ExtensibilityGlobals) = postSolution
		SolutionGuid = {22C88543-4BD0-4CA7-B020-06F6FEF8B8BC}
	EndGlobalSection
EndGlobal
