
Microsoft Visual Studio Solution File, Format Version 12.00
# Visual Studio 15
VisualStudioVersion = 15.0.27130.2024
MinimumVisualStudioVersion = 10.0.40219.1
Project("{FAE04EC0-301F-11D3-BF4B-00C04F79EFBC}") = "Shared.Android", "Shared\Shared.Android\Shared.Android.csproj", "{CEC1CB2F-E776-4173-96E6-2A47C1A8FA76}"
EndProject
Project("{FAE04EC0-301F-11D3-BF4B-00C04F79EFBC}") = "Shared.iOS", "Shared\Shared.iOS\Shared.iOS.csproj", "{05F61368-481B-406D-8E04-694A4DF7A020}"
EndProject
Project("{FAE04EC0-301F-11D3-BF4B-00C04F79EFBC}") = "Shared.UWP", "Shared\Shared.UWP\Shared.UWP.csproj", "{9EBCE291-2FE1-41E3-9D36-4FB5CD997066}"
EndProject
Project("{D954291E-2A0B-460D-934E-DC6B0785DB48}") = "Shared", "Shared\Shared\Shared.shproj", "{56C17707-C355-4163-90B0-EFC1E765E6BA}"
EndProject
Global
	GlobalSection(SharedMSBuildProjectFiles) = preSolution
		Shared\Shared\Shared.projitems*{05f61368-481b-406d-8e04-694a4df7a020}*SharedItemsImports = 4
		Shared\Shared\Shared.projitems*{56c17707-c355-4163-90b0-efc1e765e6ba}*SharedItemsImports = 13
		Shared\Shared\Shared.projitems*{9ebce291-2fe1-41e3-9d36-4fb5cd997066}*SharedItemsImports = 4
		Shared\Shared\Shared.projitems*{cec1cb2f-e776-4173-96e6-2a47c1a8fa76}*SharedItemsImports = 4
	EndGlobalSection
	GlobalSection(SolutionConfigurationPlatforms) = preSolution
		Ad-Hoc|Any CPU = Ad-Hoc|Any CPU
		Ad-Hoc|ARM = Ad-Hoc|ARM
		Ad-Hoc|iPhone = Ad-Hoc|iPhone
		Ad-Hoc|iPhoneSimulator = Ad-Hoc|iPhoneSimulator
		Ad-Hoc|x64 = Ad-Hoc|x64
		Ad-Hoc|x86 = Ad-Hoc|x86
		AppStore|Any CPU = AppStore|Any CPU
		AppStore|ARM = AppStore|ARM
		AppStore|iPhone = AppStore|iPhone
		AppStore|iPhoneSimulator = AppStore|iPhoneSimulator
		AppStore|x64 = AppStore|x64
		AppStore|x86 = AppStore|x86
		Debug|Any CPU = Debug|Any CPU
		Debug|ARM = Debug|ARM
		Debug|iPhone = Debug|iPhone
		Debug|iPhoneSimulator = Debug|iPhoneSimulator
		Debug|x64 = Debug|x64
		Debug|x86 = Debug|x86
		Release|Any CPU = Release|Any CPU
		Release|ARM = Release|ARM
		Release|iPhone = Release|iPhone
		Release|iPhoneSimulator = Release|iPhoneSimulator
		Release|x64 = Release|x64
		Release|x86 = Release|x86
	EndGlobalSection
	GlobalSection(ProjectConfigurationPlatforms) = postSolution
		{CEC1CB2F-E776-4173-96E6-2A47C1A8FA76}.Ad-Hoc|Any CPU.ActiveCfg = Release|Any CPU
		{CEC1CB2F-E776-4173-96E6-2A47C1A8FA76}.Ad-Hoc|Any CPU.Build.0 = Release|Any CPU
		{CEC1CB2F-E776-4173-96E6-2A47C1A8FA76}.Ad-Hoc|Any CPU.Deploy.0 = Release|Any CPU
		{CEC1CB2F-E776-4173-96E6-2A47C1A8FA76}.Ad-Hoc|ARM.ActiveCfg = Release|Any CPU
		{CEC1CB2F-E776-4173-96E6-2A47C1A8FA76}.Ad-Hoc|ARM.Build.0 = Release|Any CPU
		{CEC1CB2F-E776-4173-96E6-2A47C1A8FA76}.Ad-Hoc|ARM.Deploy.0 = Release|Any CPU
		{CEC1CB2F-E776-4173-96E6-2A47C1A8FA76}.Ad-Hoc|iPhone.ActiveCfg = Release|Any CPU
		{CEC1CB2F-E776-4173-96E6-2A47C1A8FA76}.Ad-Hoc|iPhone.Build.0 = Release|Any CPU
		{CEC1CB2F-E776-4173-96E6-2A47C1A8FA76}.Ad-Hoc|iPhone.Deploy.0 = Release|Any CPU
		{CEC1CB2F-E776-4173-96E6-2A47C1A8FA76}.Ad-Hoc|iPhoneSimulator.ActiveCfg = Release|Any CPU
		{CEC1CB2F-E776-4173-96E6-2A47C1A8FA76}.Ad-Hoc|iPhoneSimulator.Build.0 = Release|Any CPU
		{CEC1CB2F-E776-4173-96E6-2A47C1A8FA76}.Ad-Hoc|iPhoneSimulator.Deploy.0 = Release|Any CPU
		{CEC1CB2F-E776-4173-96E6-2A47C1A8FA76}.Ad-Hoc|x64.ActiveCfg = Release|Any CPU
		{CEC1CB2F-E776-4173-96E6-2A47C1A8FA76}.Ad-Hoc|x64.Build.0 = Release|Any CPU
		{CEC1CB2F-E776-4173-96E6-2A47C1A8FA76}.Ad-Hoc|x64.Deploy.0 = Release|Any CPU
		{CEC1CB2F-E776-4173-96E6-2A47C1A8FA76}.Ad-Hoc|x86.ActiveCfg = Release|Any CPU
		{CEC1CB2F-E776-4173-96E6-2A47C1A8FA76}.Ad-Hoc|x86.Build.0 = Release|Any CPU
		{CEC1CB2F-E776-4173-96E6-2A47C1A8FA76}.Ad-Hoc|x86.Deploy.0 = Release|Any CPU
		{CEC1CB2F-E776-4173-96E6-2A47C1A8FA76}.AppStore|Any CPU.ActiveCfg = Release|Any CPU
		{CEC1CB2F-E776-4173-96E6-2A47C1A8FA76}.AppStore|Any CPU.Build.0 = Release|Any CPU
		{CEC1CB2F-E776-4173-96E6-2A47C1A8FA76}.AppStore|Any CPU.Deploy.0 = Release|Any CPU
		{CEC1CB2F-E776-4173-96E6-2A47C1A8FA76}.AppStore|ARM.ActiveCfg = Release|Any CPU
		{CEC1CB2F-E776-4173-96E6-2A47C1A8FA76}.AppStore|ARM.Build.0 = Release|Any CPU
		{CEC1CB2F-E776-4173-96E6-2A47C1A8FA76}.AppStore|ARM.Deploy.0 = Release|Any CPU
		{CEC1CB2F-E776-4173-96E6-2A47C1A8FA76}.AppStore|iPhone.ActiveCfg = Release|Any CPU
		{CEC1CB2F-E776-4173-96E6-2A47C1A8FA76}.AppStore|iPhone.Build.0 = Release|Any CPU
		{CEC1CB2F-E776-4173-96E6-2A47C1A8FA76}.AppStore|iPhone.Deploy.0 = Release|Any CPU
		{CEC1CB2F-E776-4173-96E6-2A47C1A8FA76}.AppStore|iPhoneSimulator.ActiveCfg = Release|Any CPU
		{CEC1CB2F-E776-4173-96E6-2A47C1A8FA76}.AppStore|iPhoneSimulator.Build.0 = Release|Any CPU
		{CEC1CB2F-E776-4173-96E6-2A47C1A8FA76}.AppStore|iPhoneSimulator.Deploy.0 = Release|Any CPU
		{CEC1CB2F-E776-4173-96E6-2A47C1A8FA76}.AppStore|x64.ActiveCfg = Release|Any CPU
		{CEC1CB2F-E776-4173-96E6-2A47C1A8FA76}.AppStore|x64.Build.0 = Release|Any CPU
		{CEC1CB2F-E776-4173-96E6-2A47C1A8FA76}.AppStore|x64.Deploy.0 = Release|Any CPU
		{CEC1CB2F-E776-4173-96E6-2A47C1A8FA76}.AppStore|x86.ActiveCfg = Release|Any CPU
		{CEC1CB2F-E776-4173-96E6-2A47C1A8FA76}.AppStore|x86.Build.0 = Release|Any CPU
		{CEC1CB2F-E776-4173-96E6-2A47C1A8FA76}.AppStore|x86.Deploy.0 = Release|Any CPU
		{CEC1CB2F-E776-4173-96E6-2A47C1A8FA76}.Debug|Any CPU.ActiveCfg = Debug|Any CPU
		{CEC1CB2F-E776-4173-96E6-2A47C1A8FA76}.Debug|Any CPU.Build.0 = Debug|Any CPU
		{CEC1CB2F-E776-4173-96E6-2A47C1A8FA76}.Debug|Any CPU.Deploy.0 = Debug|Any CPU
		{CEC1CB2F-E776-4173-96E6-2A47C1A8FA76}.Debug|ARM.ActiveCfg = Debug|Any CPU
		{CEC1CB2F-E776-4173-96E6-2A47C1A8FA76}.Debug|ARM.Build.0 = Debug|Any CPU
		{CEC1CB2F-E776-4173-96E6-2A47C1A8FA76}.Debug|ARM.Deploy.0 = Debug|Any CPU
		{CEC1CB2F-E776-4173-96E6-2A47C1A8FA76}.Debug|iPhone.ActiveCfg = Debug|Any CPU
		{CEC1CB2F-E776-4173-96E6-2A47C1A8FA76}.Debug|iPhone.Build.0 = Debug|Any CPU
		{CEC1CB2F-E776-4173-96E6-2A47C1A8FA76}.Debug|iPhone.Deploy.0 = Debug|Any CPU
		{CEC1CB2F-E776-4173-96E6-2A47C1A8FA76}.Debug|iPhoneSimulator.ActiveCfg = Debug|Any CPU
		{CEC1CB2F-E776-4173-96E6-2A47C1A8FA76}.Debug|iPhoneSimulator.Build.0 = Debug|Any CPU
		{CEC1CB2F-E776-4173-96E6-2A47C1A8FA76}.Debug|iPhoneSimulator.Deploy.0 = Debug|Any CPU
		{CEC1CB2F-E776-4173-96E6-2A47C1A8FA76}.Debug|x64.ActiveCfg = Debug|Any CPU
		{CEC1CB2F-E776-4173-96E6-2A47C1A8FA76}.Debug|x64.Build.0 = Debug|Any CPU
		{CEC1CB2F-E776-4173-96E6-2A47C1A8FA76}.Debug|x64.Deploy.0 = Debug|Any CPU
		{CEC1CB2F-E776-4173-96E6-2A47C1A8FA76}.Debug|x86.ActiveCfg = Debug|Any CPU
		{CEC1CB2F-E776-4173-96E6-2A47C1A8FA76}.Debug|x86.Build.0 = Debug|Any CPU
		{CEC1CB2F-E776-4173-96E6-2A47C1A8FA76}.Debug|x86.Deploy.0 = Debug|Any CPU
		{CEC1CB2F-E776-4173-96E6-2A47C1A8FA76}.Release|Any CPU.ActiveCfg = Release|Any CPU
		{CEC1CB2F-E776-4173-96E6-2A47C1A8FA76}.Release|Any CPU.Build.0 = Release|Any CPU
		{CEC1CB2F-E776-4173-96E6-2A47C1A8FA76}.Release|Any CPU.Deploy.0 = Release|Any CPU
		{CEC1CB2F-E776-4173-96E6-2A47C1A8FA76}.Release|ARM.ActiveCfg = Release|Any CPU
		{CEC1CB2F-E776-4173-96E6-2A47C1A8FA76}.Release|ARM.Build.0 = Release|Any CPU
		{CEC1CB2F-E776-4173-96E6-2A47C1A8FA76}.Release|ARM.Deploy.0 = Release|Any CPU
		{CEC1CB2F-E776-4173-96E6-2A47C1A8FA76}.Release|iPhone.ActiveCfg = Release|Any CPU
		{CEC1CB2F-E776-4173-96E6-2A47C1A8FA76}.Release|iPhone.Build.0 = Release|Any CPU
		{CEC1CB2F-E776-4173-96E6-2A47C1A8FA76}.Release|iPhone.Deploy.0 = Release|Any CPU
		{CEC1CB2F-E776-4173-96E6-2A47C1A8FA76}.Release|iPhoneSimulator.ActiveCfg = Release|Any CPU
		{CEC1CB2F-E776-4173-96E6-2A47C1A8FA76}.Release|iPhoneSimulator.Build.0 = Release|Any CPU
		{CEC1CB2F-E776-4173-96E6-2A47C1A8FA76}.Release|iPhoneSimulator.Deploy.0 = Release|Any CPU
		{CEC1CB2F-E776-4173-96E6-2A47C1A8FA76}.Release|x64.ActiveCfg = Release|Any CPU
		{CEC1CB2F-E776-4173-96E6-2A47C1A8FA76}.Release|x64.Build.0 = Release|Any CPU
		{CEC1CB2F-E776-4173-96E6-2A47C1A8FA76}.Release|x64.Deploy.0 = Release|Any CPU
		{CEC1CB2F-E776-4173-96E6-2A47C1A8FA76}.Release|x86.ActiveCfg = Release|Any CPU
		{CEC1CB2F-E776-4173-96E6-2A47C1A8FA76}.Release|x86.Build.0 = Release|Any CPU
		{CEC1CB2F-E776-4173-96E6-2A47C1A8FA76}.Release|x86.Deploy.0 = Release|Any CPU
		{05F61368-481B-406D-8E04-694A4DF7A020}.Ad-Hoc|Any CPU.ActiveCfg = Ad-Hoc|iPhone
		{05F61368-481B-406D-8E04-694A4DF7A020}.Ad-Hoc|ARM.ActiveCfg = Ad-Hoc|iPhone
		{05F61368-481B-406D-8E04-694A4DF7A020}.Ad-Hoc|iPhone.ActiveCfg = Ad-Hoc|iPhone
		{05F61368-481B-406D-8E04-694A4DF7A020}.Ad-Hoc|iPhone.Build.0 = Ad-Hoc|iPhone
		{05F61368-481B-406D-8E04-694A4DF7A020}.Ad-Hoc|iPhoneSimulator.ActiveCfg = Ad-Hoc|iPhoneSimulator
		{05F61368-481B-406D-8E04-694A4DF7A020}.Ad-Hoc|iPhoneSimulator.Build.0 = Ad-Hoc|iPhoneSimulator
		{05F61368-481B-406D-8E04-694A4DF7A020}.Ad-Hoc|x64.ActiveCfg = Ad-Hoc|iPhone
		{05F61368-481B-406D-8E04-694A4DF7A020}.Ad-Hoc|x86.ActiveCfg = Ad-Hoc|iPhone
		{05F61368-481B-406D-8E04-694A4DF7A020}.AppStore|Any CPU.ActiveCfg = AppStore|iPhone
		{05F61368-481B-406D-8E04-694A4DF7A020}.AppStore|ARM.ActiveCfg = AppStore|iPhone
		{05F61368-481B-406D-8E04-694A4DF7A020}.AppStore|iPhone.ActiveCfg = AppStore|iPhone
		{05F61368-481B-406D-8E04-694A4DF7A020}.AppStore|iPhone.Build.0 = AppStore|iPhone
		{05F61368-481B-406D-8E04-694A4DF7A020}.AppStore|iPhoneSimulator.ActiveCfg = AppStore|iPhoneSimulator
		{05F61368-481B-406D-8E04-694A4DF7A020}.AppStore|iPhoneSimulator.Build.0 = AppStore|iPhoneSimulator
		{05F61368-481B-406D-8E04-694A4DF7A020}.AppStore|x64.ActiveCfg = AppStore|iPhone
		{05F61368-481B-406D-8E04-694A4DF7A020}.AppStore|x86.ActiveCfg = AppStore|iPhone
		{05F61368-481B-406D-8E04-694A4DF7A020}.Debug|Any CPU.ActiveCfg = Debug|iPhone
		{05F61368-481B-406D-8E04-694A4DF7A020}.Debug|ARM.ActiveCfg = Debug|iPhone
		{05F61368-481B-406D-8E04-694A4DF7A020}.Debug|iPhone.ActiveCfg = Debug|iPhone
		{05F61368-481B-406D-8E04-694A4DF7A020}.Debug|iPhone.Build.0 = Debug|iPhone
		{05F61368-481B-406D-8E04-694A4DF7A020}.Debug|iPhoneSimulator.ActiveCfg = Debug|iPhoneSimulator
		{05F61368-481B-406D-8E04-694A4DF7A020}.Debug|iPhoneSimulator.Build.0 = Debug|iPhoneSimulator
		{05F61368-481B-406D-8E04-694A4DF7A020}.Debug|x64.ActiveCfg = Debug|iPhone
		{05F61368-481B-406D-8E04-694A4DF7A020}.Debug|x86.ActiveCfg = Debug|iPhone
		{05F61368-481B-406D-8E04-694A4DF7A020}.Release|Any CPU.ActiveCfg = Release|iPhone
		{05F61368-481B-406D-8E04-694A4DF7A020}.Release|ARM.ActiveCfg = Release|iPhone
		{05F61368-481B-406D-8E04-694A4DF7A020}.Release|iPhone.ActiveCfg = Release|iPhone
		{05F61368-481B-406D-8E04-694A4DF7A020}.Release|iPhone.Build.0 = Release|iPhone
		{05F61368-481B-406D-8E04-694A4DF7A020}.Release|iPhoneSimulator.ActiveCfg = Release|iPhoneSimulator
		{05F61368-481B-406D-8E04-694A4DF7A020}.Release|iPhoneSimulator.Build.0 = Release|iPhoneSimulator
		{05F61368-481B-406D-8E04-694A4DF7A020}.Release|x64.ActiveCfg = Release|iPhone
		{05F61368-481B-406D-8E04-694A4DF7A020}.Release|x86.ActiveCfg = Release|iPhone
		{9EBCE291-2FE1-41E3-9D36-4FB5CD997066}.Ad-Hoc|Any CPU.ActiveCfg = Release|x86
		{9EBCE291-2FE1-41E3-9D36-4FB5CD997066}.Ad-Hoc|Any CPU.Build.0 = Release|x86
		{9EBCE291-2FE1-41E3-9D36-4FB5CD997066}.Ad-Hoc|Any CPU.Deploy.0 = Release|x86
		{9EBCE291-2FE1-41E3-9D36-4FB5CD997066}.Ad-Hoc|ARM.ActiveCfg = Release|ARM
		{9EBCE291-2FE1-41E3-9D36-4FB5CD997066}.Ad-Hoc|ARM.Build.0 = Release|ARM
		{9EBCE291-2FE1-41E3-9D36-4FB5CD997066}.Ad-Hoc|ARM.Deploy.0 = Release|ARM
		{9EBCE291-2FE1-41E3-9D36-4FB5CD997066}.Ad-Hoc|iPhone.ActiveCfg = Release|x86
		{9EBCE291-2FE1-41E3-9D36-4FB5CD997066}.Ad-Hoc|iPhone.Build.0 = Release|x86
		{9EBCE291-2FE1-41E3-9D36-4FB5CD997066}.Ad-Hoc|iPhone.Deploy.0 = Release|x86
		{9EBCE291-2FE1-41E3-9D36-4FB5CD997066}.Ad-Hoc|iPhoneSimulator.ActiveCfg = Release|x86
		{9EBCE291-2FE1-41E3-9D36-4FB5CD997066}.Ad-Hoc|iPhoneSimulator.Build.0 = Release|x86
		{9EBCE291-2FE1-41E3-9D36-4FB5CD997066}.Ad-Hoc|iPhoneSimulator.Deploy.0 = Release|x86
		{9EBCE291-2FE1-41E3-9D36-4FB5CD997066}.Ad-Hoc|x64.ActiveCfg = Release|x64
		{9EBCE291-2FE1-41E3-9D36-4FB5CD997066}.Ad-Hoc|x64.Build.0 = Release|x64
		{9EBCE291-2FE1-41E3-9D36-4FB5CD997066}.Ad-Hoc|x64.Deploy.0 = Release|x64
		{9EBCE291-2FE1-41E3-9D36-4FB5CD997066}.Ad-Hoc|x86.ActiveCfg = Release|x86
		{9EBCE291-2FE1-41E3-9D36-4FB5CD997066}.Ad-Hoc|x86.Build.0 = Release|x86
		{9EBCE291-2FE1-41E3-9D36-4FB5CD997066}.Ad-Hoc|x86.Deploy.0 = Release|x86
		{9EBCE291-2FE1-41E3-9D36-4FB5CD997066}.AppStore|Any CPU.ActiveCfg = Release|x86
		{9EBCE291-2FE1-41E3-9D36-4FB5CD997066}.AppStore|Any CPU.Build.0 = Release|x86
		{9EBCE291-2FE1-41E3-9D36-4FB5CD997066}.AppStore|Any CPU.Deploy.0 = Release|x86
		{9EBCE291-2FE1-41E3-9D36-4FB5CD997066}.AppStore|ARM.ActiveCfg = Release|ARM
		{9EBCE291-2FE1-41E3-9D36-4FB5CD997066}.AppStore|ARM.Build.0 = Release|ARM
		{9EBCE291-2FE1-41E3-9D36-4FB5CD997066}.AppStore|ARM.Deploy.0 = Release|ARM
		{9EBCE291-2FE1-41E3-9D36-4FB5CD997066}.AppStore|iPhone.ActiveCfg = Release|x86
		{9EBCE291-2FE1-41E3-9D36-4FB5CD997066}.AppStore|iPhone.Build.0 = Release|x86
		{9EBCE291-2FE1-41E3-9D36-4FB5CD997066}.AppStore|iPhone.Deploy.0 = Release|x86
		{9EBCE291-2FE1-41E3-9D36-4FB5CD997066}.AppStore|iPhoneSimulator.ActiveCfg = Release|x86
		{9EBCE291-2FE1-41E3-9D36-4FB5CD997066}.AppStore|iPhoneSimulator.Build.0 = Release|x86
		{9EBCE291-2FE1-41E3-9D36-4FB5CD997066}.AppStore|iPhoneSimulator.Deploy.0 = Release|x86
		{9EBCE291-2FE1-41E3-9D36-4FB5CD997066}.AppStore|x64.ActiveCfg = Release|x64
		{9EBCE291-2FE1-41E3-9D36-4FB5CD997066}.AppStore|x64.Build.0 = Release|x64
		{9EBCE291-2FE1-41E3-9D36-4FB5CD997066}.AppStore|x64.Deploy.0 = Release|x64
		{9EBCE291-2FE1-41E3-9D36-4FB5CD997066}.AppStore|x86.ActiveCfg = Release|x86
		{9EBCE291-2FE1-41E3-9D36-4FB5CD997066}.AppStore|x86.Build.0 = Release|x86
		{9EBCE291-2FE1-41E3-9D36-4FB5CD997066}.AppStore|x86.Deploy.0 = Release|x86
		{9EBCE291-2FE1-41E3-9D36-4FB5CD997066}.Debug|Any CPU.ActiveCfg = Debug|x86
		{9EBCE291-2FE1-41E3-9D36-4FB5CD997066}.Debug|ARM.ActiveCfg = Debug|ARM
		{9EBCE291-2FE1-41E3-9D36-4FB5CD997066}.Debug|ARM.Build.0 = Debug|ARM
		{9EBCE291-2FE1-41E3-9D36-4FB5CD997066}.Debug|ARM.Deploy.0 = Debug|ARM
		{9EBCE291-2FE1-41E3-9D36-4FB5CD997066}.Debug|iPhone.ActiveCfg = Debug|x86
		{9EBCE291-2FE1-41E3-9D36-4FB5CD997066}.Debug|iPhoneSimulator.ActiveCfg = Debug|x86
		{9EBCE291-2FE1-41E3-9D36-4FB5CD997066}.Debug|x64.ActiveCfg = Debug|x64
		{9EBCE291-2FE1-41E3-9D36-4FB5CD997066}.Debug|x64.Build.0 = Debug|x64
		{9EBCE291-2FE1-41E3-9D36-4FB5CD997066}.Debug|x64.Deploy.0 = Debug|x64
		{9EBCE291-2FE1-41E3-9D36-4FB5CD997066}.Debug|x86.ActiveCfg = Debug|x86
		{9EBCE291-2FE1-41E3-9D36-4FB5CD997066}.Debug|x86.Build.0 = Debug|x86
		{9EBCE291-2FE1-41E3-9D36-4FB5CD997066}.Debug|x86.Deploy.0 = Debug|x86
		{9EBCE291-2FE1-41E3-9D36-4FB5CD997066}.Release|Any CPU.ActiveCfg = Release|x86
		{9EBCE291-2FE1-41E3-9D36-4FB5CD997066}.Release|ARM.ActiveCfg = Release|ARM
		{9EBCE291-2FE1-41E3-9D36-4FB5CD997066}.Release|ARM.Build.0 = Release|ARM
		{9EBCE291-2FE1-41E3-9D36-4FB5CD997066}.Release|ARM.Deploy.0 = Release|ARM
		{9EBCE291-2FE1-41E3-9D36-4FB5CD997066}.Release|iPhone.ActiveCfg = Release|x86
		{9EBCE291-2FE1-41E3-9D36-4FB5CD997066}.Release|iPhoneSimulator.ActiveCfg = Release|x86
		{9EBCE291-2FE1-41E3-9D36-4FB5CD997066}.Release|x64.ActiveCfg = Release|x64
		{9EBCE291-2FE1-41E3-9D36-4FB5CD997066}.Release|x64.Build.0 = Release|x64
		{9EBCE291-2FE1-41E3-9D36-4FB5CD997066}.Release|x64.Deploy.0 = Release|x64
		{9EBCE291-2FE1-41E3-9D36-4FB5CD997066}.Release|x86.ActiveCfg = Release|x86
		{9EBCE291-2FE1-41E3-9D36-4FB5CD997066}.Release|x86.Build.0 = Release|x86
		{9EBCE291-2FE1-41E3-9D36-4FB5CD997066}.Release|x86.Deploy.0 = Release|x86
	EndGlobalSection
	GlobalSection(SolutionProperties) = preSolution
		HideSolutionNode = FALSE
	EndGlobalSection
	GlobalSection(ExtensibilityGlobals) = postSolution
		SolutionGuid = {76348ED5-45AB-4EA0-A325-FB9D298CC9C9}
	EndGlobalSection
EndGlobal
